
Microsoft Visual Studio Solution File, Format Version 12.00
# Visual Studio 15
VisualStudioVersion = 15.0.28010.2046
MinimumVisualStudioVersion = 10.0.40219.1
Project("{FAE04EC0-301F-11D3-BF4B-00C04F79EFBC}") = "Translater", "Translater\Translater.csproj", "{31695C98-697C-4947-B9BA-203CE0FDDB28}"
EndProject
Global
	GlobalSection(SolutionConfigurationPlatforms) = preSolution
		Debug|Any CPU = Debug|Any CPU
		Release|Any CPU = Release|Any CPU
		wad|Any CPU = wad|Any CPU
	EndGlobalSection
	GlobalSection(ProjectConfigurationPlatforms) = postSolution
		{31695C98-697C-4947-B9BA-203CE0FDDB28}.Debug|Any CPU.ActiveCfg = Debug|Any CPU
		{31695C98-697C-4947-B9BA-203CE0FDDB28}.Debug|Any CPU.Build.0 = Debug|Any CPU
		{31695C98-697C-4947-B9BA-203CE0FDDB28}.Release|Any CPU.ActiveCfg = Release|Any CPU
		{31695C98-697C-4947-B9BA-203CE0FDDB28}.Release|Any CPU.Build.0 = Release|Any CPU
		{31695C98-697C-4947-B9BA-203CE0FDDB28}.wad|Any CPU.ActiveCfg = wad|Any CPU
		{31695C98-697C-4947-B9BA-203CE0FDDB28}.wad|Any CPU.Build.0 = wad|Any CPU
	EndGlobalSection
	GlobalSection(SolutionProperties) = preSolution
		HideSolutionNode = FALSE
	EndGlobalSection
	GlobalSection(ExtensibilityGlobals) = postSolution
		SolutionGuid = {FF830209-3864-4B6A-9B37-12BF3E120847}
	EndGlobalSection
EndGlobal
